
Microsoft Visual Studio Solution File, Format Version 12.00
# Visual Studio 15
VisualStudioVersion = 15.0.28307.136
MinimumVisualStudioVersion = 10.0.40219.1
Project("{FAE04EC0-301F-11D3-BF4B-00C04F79EFBC}") = "SylviaShopifyWebApp", "SylviaShopifyWebApp\SylviaShopifyWebApp.csproj", "{00F63C0E-8B29-489D-95A7-4DC5A07B9328}"
EndProject
Global
	GlobalSection(SolutionConfigurationPlatforms) = preSolution
		Debug|Any CPU = Debug|Any CPU
		Release|Any CPU = Release|Any CPU
	EndGlobalSection
	GlobalSection(ProjectConfigurationPlatforms) = postSolution
		{00F63C0E-8B29-489D-95A7-4DC5A07B9328}.Debug|Any CPU.ActiveCfg = Debug|Any CPU
		{00F63C0E-8B29-489D-95A7-4DC5A07B9328}.Debug|Any CPU.Build.0 = Debug|Any CPU
		{00F63C0E-8B29-489D-95A7-4DC5A07B9328}.Release|Any CPU.ActiveCfg = Release|Any CPU
		{00F63C0E-8B29-489D-95A7-4DC5A07B9328}.Release|Any CPU.Build.0 = Release|Any CPU
	EndGlobalSection
	GlobalSection(SolutionProperties) = preSolution
		HideSolutionNode = FALSE
	EndGlobalSection
	GlobalSection(ExtensibilityGlobals) = postSolution
		SolutionGuid = {57AF5ECD-BF50-4389-BD0B-F0AE28DC818F}
	EndGlobalSection
EndGlobal
